version = "0"

[dependency]
  cmake = [{ installer = "conan", ref = "cmake/3.30.2@silabs#8798657aa78b2da38a3ae465f2d10090", type = "apack", version = "3.30.2" }]
  commander = [{ installer = "archive", type = "apack", version = "1.23.1" }]
  exx32 = [{ installer = "archive", type = "apack", version = "6.0.32" }]
  gcc-arm-none-eabi = [{ installer = "conan", ref = "gcc-arm-none-eabi/12.2.rel1@silabs#a2910f647691a3764cd3e48412673f25", type = "toolchain", version = "12.2.rel1" }]
  java21 = [{ installer = "archive", type = "tools", version = "21.0.6" }]
  ninja = [{ installer = "conan", ref = "ninja/1.12.1@silabs#9ce59e07a142d4da1c532b49742fe16d", type = "apack", version = "1.12.1" }]
  python = [{ installer = "archive", type = "apack", version = "3.10.1" }]
  sdm = [{ installer = "archive", type = "software", version = "0.102.3" }]
  sdm-cli = [{ installer = "archive", type = "apack", version = "0.102.3" }]
  sdm-mcp = [{ installer = "archive", type = "software", version = "0.102.3" }]
  sdm-meta = [{ installer = "archive", type = "software", version = "0.102.3" }]
  sdm-service = [{ installer = "archive", type = "apack", version = "0.102.3" }]
  sdm-shrike = [{ installer = "archive", type = "software", version = "0.102.3" }]
  sdm-ui = [{ installer = "archive", type = "software", version = "0.102.3" }]
  segger-driver = [{ installer = "archive", type = "software", version = "2.70.8" }]
  simplicity-sdk = [{ installer = "conan", ref = "simplicity-sdk/2025.12.3@silabs#6aa9cc1b19b6623422bce6b44886d329", type = "sdk", version = "2025.12.3" }]
  slc-cli = [{ installer = "archive", type = "tools", version = "6.0.20" }]
  wiseconnect = [{ installer = "conan", ref = "wiseconnect/4.0.2@silabs#6d7bfeea08df185d9646c2c8798a896c", type = "sdk", version = "4.0.2" }]
  zap = [{ installer = "archive", type = "apack", version = "2026.02.26" }]

[engine]
  conan-repos = ["https://conan.silabs.net"]
